
Microsoft Visual Studio Solution File, Format Version 12.00
# Visual Studio Version 17
VisualStudioVersion = 17.1.32210.238
MinimumVisualStudioVersion = 10.0.40219.1
Project("{FAE04EC0-301F-11D3-BF4B-00C04F79EFBC}") = "EF6-MSSQL", "EF6-MSSQL\EF6-MSSQL.csproj", "{99D8613D-2829-4F7A-89EE-146BB5FDB259}"
EndProject
Project("{FAE04EC0-301F-11D3-BF4B-00C04F79EFBC}") = "Model", "Model\Model.csproj", "{0FBAD978-632D-48DC-8A43-D969AAA977A4}"
EndProject
Project("{FAE04EC0-301F-11D3-BF4B-00C04F79EFBC}") = "Common", "Common\Common.csproj", "{1700D399-9290-4E6D-A2FE-ADF680718126}"
EndProject
Global
	GlobalSection(SolutionConfigurationPlatforms) = preSolution
		Debug|Any CPU = Debug|Any CPU
		Release|Any CPU = Release|Any CPU
	EndGlobalSection
	GlobalSection(ProjectConfigurationPlatforms) = postSolution
		{99D8613D-2829-4F7A-89EE-146BB5FDB259}.Debug|Any CPU.ActiveCfg = Debug|Any CPU
		{99D8613D-2829-4F7A-89EE-146BB5FDB259}.Debug|Any CPU.Build.0 = Debug|Any CPU
		{99D8613D-2829-4F7A-89EE-146BB5FDB259}.Release|Any CPU.ActiveCfg = Release|Any CPU
		{99D8613D-2829-4F7A-89EE-146BB5FDB259}.Release|Any CPU.Build.0 = Release|Any CPU
		{0FBAD978-632D-48DC-8A43-D969AAA977A4}.Debug|Any CPU.ActiveCfg = Debug|Any CPU
		{0FBAD978-632D-48DC-8A43-D969AAA977A4}.Debug|Any CPU.Build.0 = Debug|Any CPU
		{0FBAD978-632D-48DC-8A43-D969AAA977A4}.Release|Any CPU.ActiveCfg = Release|Any CPU
		{0FBAD978-632D-48DC-8A43-D969AAA977A4}.Release|Any CPU.Build.0 = Release|Any CPU
		{1700D399-9290-4E6D-A2FE-ADF680718126}.Debug|Any CPU.ActiveCfg = Debug|Any CPU
		{1700D399-9290-4E6D-A2FE-ADF680718126}.Debug|Any CPU.Build.0 = Debug|Any CPU
		{1700D399-9290-4E6D-A2FE-ADF680718126}.Release|Any CPU.ActiveCfg = Release|Any CPU
		{1700D399-9290-4E6D-A2FE-ADF680718126}.Release|Any CPU.Build.0 = Release|Any CPU
	EndGlobalSection
	GlobalSection(SolutionProperties) = preSolution
		HideSolutionNode = FALSE
	EndGlobalSection
	GlobalSection(ExtensibilityGlobals) = postSolution
		SolutionGuid = {34253F80-DEF3-4BCE-AE80-CC02A295F67D}
	EndGlobalSection
EndGlobal
